
Microsoft Visual Studio Solution File, Format Version 12.00
# Visual Studio 14
VisualStudioVersion = 14.0.23107.0
MinimumVisualStudioVersion = 10.0.40219.1
Project("{8BC9CEB8-8B4A-11D0-8D11-00A0C91BC942}") = "Factorial", "Factorial\Factorial.vcxproj", "{EB6327A7-AB2E-4470-83B2-F9B3D6545F01}"
EndProject
Project("{8BC9CEB8-8B4A-11D0-8D11-00A0C91BC942}") = "NumberPartition", "NumberPartition\NumberPartition.vcxproj", "{D559B091-E7C3-45E4-B8EF-858FEC991F44}"
EndProject
Project("{8BC9CEB8-8B4A-11D0-8D11-00A0C91BC942}") = "Fibonacci", "Fibonacci\Fibonacci.vcxproj", "{0B18AF12-93B3-4681-95FD-624167C0DC00}"
EndProject
Project("{8BC9CEB8-8B4A-11D0-8D11-00A0C91BC942}") = "Binomial", "Binomial\Binomial.vcxproj", "{3163E2DC-B520-4AA4-9129-D44F731F6D26}"
EndProject
Project("{8BC9CEB8-8B4A-11D0-8D11-00A0C91BC942}") = "CatalanNumber", "CatalanNumber\CatalanNumber.vcxproj", "{FC939A18-830B-4992-92A5-AC832F4020E4}"
EndProject
Project("{8BC9CEB8-8B4A-11D0-8D11-00A0C91BC942}") = "LongestCommonSubsequence", "LongestCommonSubsequence\LongestCommonSubsequence.vcxproj", "{57DC8CC5-56AB-4EED-9D20-41E1AD5D2E8C}"
EndProject
Project("{8BC9CEB8-8B4A-11D0-8D11-00A0C91BC942}") = "LongestCommonSubstring", "LongestCommonSubstring\LongestCommonSubstring.vcxproj", "{325C630A-A963-4B2A-A83E-48DB6DCD7071}"
EndProject
Project("{8BC9CEB8-8B4A-11D0-8D11-00A0C91BC942}") = "LongestIncreasingSubsequence", "LongestIncreasingSubsequence\LongestIncreasingSubsequence.vcxproj", "{33886C94-1DA9-445E-9A58-5F0E04555F03}"
EndProject
Project("{8BC9CEB8-8B4A-11D0-8D11-00A0C91BC942}") = "KnapsackZeroOne", "KnapsackZeroOne\KnapsackZeroOne.vcxproj", "{6CC85CF9-9E14-4F1E-89B6-E6F6452D99D8}"
EndProject
Project("{8BC9CEB8-8B4A-11D0-8D11-00A0C91BC942}") = "Knapsack", "Knapsack\Knapsack.vcxproj", "{24EFEF0E-FB8A-4CF0-8A2F-2F4E53FB3206}"
EndProject
Project("{8BC9CEB8-8B4A-11D0-8D11-00A0C91BC942}") = "CoinExchange", "CoinExchange\CoinExchange.vcxproj", "{3E3F5C3D-FC44-4E90-825D-A9CC0D33FF47}"
EndProject
Project("{8BC9CEB8-8B4A-11D0-8D11-00A0C91BC942}") = "BoxStacking", "BoxStacking\BoxStacking.vcxproj", "{77398C02-C8D6-415F-AECF-32F34C5EFDDD}"
EndProject
Project("{8BC9CEB8-8B4A-11D0-8D11-00A0C91BC942}") = "LogicalExpression", "LogicalExpression\LogicalExpression.vcxproj", "{71749B18-E634-4EC9-9012-9F0A5C0AC9B3}"
EndProject
Project("{8BC9CEB8-8B4A-11D0-8D11-00A0C91BC942}") = "OptimalBinarySearchTree", "OptimalBinarySearchTree\OptimalBinarySearchTree.vcxproj", "{C9E9D692-32BC-4879-8F13-95DA0C151835}"
EndProject
Project("{8BC9CEB8-8B4A-11D0-8D11-00A0C91BC942}") = "EditDistance", "EditDistance\EditDistance.vcxproj", "{95FBB5B3-8509-426A-B13E-FB457CE1A22F}"
EndProject
Project("{8BC9CEB8-8B4A-11D0-8D11-00A0C91BC942}") = "WildcardMatching", "WildcardMatching\WildcardMatching.vcxproj", "{DFC98925-D266-4F72-9B80-4B783D11BA7C}"
EndProject
Project("{8BC9CEB8-8B4A-11D0-8D11-00A0C91BC942}") = "LongestPalindromeSubsequence", "LongestPalindromeSubsequence\LongestPalindromeSubsequence.vcxproj", "{7A2A5E51-570B-42F2-B82A-95EC83E322B4}"
EndProject
Project("{8BC9CEB8-8B4A-11D0-8D11-00A0C91BC942}") = "LongestPalindromeSubstring", "LongestPalindromeSubstring\LongestPalindromeSubstring.vcxproj", "{868BDC05-C152-4227-997E-03B1162B4CE0}"
EndProject
Project("{8BC9CEB8-8B4A-11D0-8D11-00A0C91BC942}") = "FindSubsequence", "FindSubsequence\FindSubsequence.vcxproj", "{3A20B17B-5218-40E4-A497-02BE391B7D81}"
EndProject
Project("{8BC9CEB8-8B4A-11D0-8D11-00A0C91BC942}") = "MaxProfitPath", "MaxProfitPath\MaxProfitPath.vcxproj", "{596B94C8-3EB6-417F-9CCB-B11AED73CED8}"
EndProject
Project("{8BC9CEB8-8B4A-11D0-8D11-00A0C91BC942}") = "MinJumps", "MinJumps\MinJumps.vcxproj", "{ADF5BAAD-BACE-4683-97B2-2C77B693DB96}"
EndProject
Project("{8BC9CEB8-8B4A-11D0-8D11-00A0C91BC942}") = "Tiling2xn", "Tiling2xn\Tiling2xn.vcxproj", "{A03C7689-D397-40A8-8369-96257BAB846F}"
EndProject
Project("{8BC9CEB8-8B4A-11D0-8D11-00A0C91BC942}") = "BuffAlgo", "BuffAlgo\BuffAlgo.vcxproj", "{274688C2-9EB2-47D2-9553-7F27B20F8842}"
EndProject
Project("{8BC9CEB8-8B4A-11D0-8D11-00A0C91BC942}") = "MaximumSubarray", "MaximumSubarray\MaximumSubarray.vcxproj", "{8F8536D8-FD61-449D-B8B8-BF223E3B38A2}"
EndProject
Project("{8BC9CEB8-8B4A-11D0-8D11-00A0C91BC942}") = "MaxSumWithNoContiguousElements", "MaxSumWithNoContiguousElements\MaxSumWithNoContiguousElements.vcxproj", "{CC675FF6-324A-4065-AD81-A68923A2083C}"
EndProject
Project("{8BC9CEB8-8B4A-11D0-8D11-00A0C91BC942}") = "MaximumSubmatrix", "MaximumSubmatrix\MaximumSubmatrix.vcxproj", "{7ACBC3FE-E680-40B6-91CC-29C7950BEAB0}"
EndProject
Project("{8BC9CEB8-8B4A-11D0-8D11-00A0C91BC942}") = "MatrixChainMultiplication", "MatrixChainMultiplication\MatrixChainMultiplication.vcxproj", "{0372C0B3-E73B-4F6E-BFE7-6C1486CE7583}"
EndProject
Project("{8BC9CEB8-8B4A-11D0-8D11-00A0C91BC942}") = "FindSubsequenceSum", "FindSubsequenceSum\FindSubsequenceSum.vcxproj", "{2F6D0A41-3FAE-41C7-BE89-58122AA0C0BE}"
EndProject
Project("{8BC9CEB8-8B4A-11D0-8D11-00A0C91BC942}") = "MaxAllOneSquareSubmatrix", "MaxAllOneSquareSubmatrix\MaxAllOneSquareSubmatrix.vcxproj", "{28A0B079-3827-4F2A-B3D1-F5859AEF5BC0}"
EndProject
Global
	GlobalSection(SolutionConfigurationPlatforms) = preSolution
		Debug|x64 = Debug|x64
		Debug|x86 = Debug|x86
		Release|x64 = Release|x64
		Release|x86 = Release|x86
	EndGlobalSection
	GlobalSection(ProjectConfigurationPlatforms) = postSolution
		{EB6327A7-AB2E-4470-83B2-F9B3D6545F01}.Debug|x64.ActiveCfg = Debug|x64
		{EB6327A7-AB2E-4470-83B2-F9B3D6545F01}.Debug|x64.Build.0 = Debug|x64
		{EB6327A7-AB2E-4470-83B2-F9B3D6545F01}.Debug|x86.ActiveCfg = Debug|Win32
		{EB6327A7-AB2E-4470-83B2-F9B3D6545F01}.Debug|x86.Build.0 = Debug|Win32
		{EB6327A7-AB2E-4470-83B2-F9B3D6545F01}.Release|x64.ActiveCfg = Release|x64
		{EB6327A7-AB2E-4470-83B2-F9B3D6545F01}.Release|x64.Build.0 = Release|x64
		{EB6327A7-AB2E-4470-83B2-F9B3D6545F01}.Release|x86.ActiveCfg = Release|Win32
		{EB6327A7-AB2E-4470-83B2-F9B3D6545F01}.Release|x86.Build.0 = Release|Win32
		{D559B091-E7C3-45E4-B8EF-858FEC991F44}.Debug|x64.ActiveCfg = Debug|x64
		{D559B091-E7C3-45E4-B8EF-858FEC991F44}.Debug|x64.Build.0 = Debug|x64
		{D559B091-E7C3-45E4-B8EF-858FEC991F44}.Debug|x86.ActiveCfg = Debug|Win32
		{D559B091-E7C3-45E4-B8EF-858FEC991F44}.Debug|x86.Build.0 = Debug|Win32
		{D559B091-E7C3-45E4-B8EF-858FEC991F44}.Release|x64.ActiveCfg = Release|x64
		{D559B091-E7C3-45E4-B8EF-858FEC991F44}.Release|x64.Build.0 = Release|x64
		{D559B091-E7C3-45E4-B8EF-858FEC991F44}.Release|x86.ActiveCfg = Release|Win32
		{D559B091-E7C3-45E4-B8EF-858FEC991F44}.Release|x86.Build.0 = Release|Win32
		{0B18AF12-93B3-4681-95FD-624167C0DC00}.Debug|x64.ActiveCfg = Debug|x64
		{0B18AF12-93B3-4681-95FD-624167C0DC00}.Debug|x64.Build.0 = Debug|x64
		{0B18AF12-93B3-4681-95FD-624167C0DC00}.Debug|x86.ActiveCfg = Debug|Win32
		{0B18AF12-93B3-4681-95FD-624167C0DC00}.Debug|x86.Build.0 = Debug|Win32
		{0B18AF12-93B3-4681-95FD-624167C0DC00}.Release|x64.ActiveCfg = Release|x64
		{0B18AF12-93B3-4681-95FD-624167C0DC00}.Release|x64.Build.0 = Release|x64
		{0B18AF12-93B3-4681-95FD-624167C0DC00}.Release|x86.ActiveCfg = Release|Win32
		{0B18AF12-93B3-4681-95FD-624167C0DC00}.Release|x86.Build.0 = Release|Win32
		{3163E2DC-B520-4AA4-9129-D44F731F6D26}.Debug|x64.ActiveCfg = Debug|x64
		{3163E2DC-B520-4AA4-9129-D44F731F6D26}.Debug|x64.Build.0 = Debug|x64
		{3163E2DC-B520-4AA4-9129-D44F731F6D26}.Debug|x86.ActiveCfg = Debug|Win32
		{3163E2DC-B520-4AA4-9129-D44F731F6D26}.Debug|x86.Build.0 = Debug|Win32
		{3163E2DC-B520-4AA4-9129-D44F731F6D26}.Release|x64.ActiveCfg = Release|x64
		{3163E2DC-B520-4AA4-9129-D44F731F6D26}.Release|x64.Build.0 = Release|x64
		{3163E2DC-B520-4AA4-9129-D44F731F6D26}.Release|x86.ActiveCfg = Release|Win32
		{3163E2DC-B520-4AA4-9129-D44F731F6D26}.Release|x86.Build.0 = Release|Win32
		{FC939A18-830B-4992-92A5-AC832F4020E4}.Debug|x64.ActiveCfg = Debug|x64
		{FC939A18-830B-4992-92A5-AC832F4020E4}.Debug|x64.Build.0 = Debug|x64
		{FC939A18-830B-4992-92A5-AC832F4020E4}.Debug|x86.ActiveCfg = Debug|Win32
		{FC939A18-830B-4992-92A5-AC832F4020E4}.Debug|x86.Build.0 = Debug|Win32
		{FC939A18-830B-4992-92A5-AC832F4020E4}.Release|x64.ActiveCfg = Release|x64
		{FC939A18-830B-4992-92A5-AC832F4020E4}.Release|x64.Build.0 = Release|x64
		{FC939A18-830B-4992-92A5-AC832F4020E4}.Release|x86.ActiveCfg = Release|Win32
		{FC939A18-830B-4992-92A5-AC832F4020E4}.Release|x86.Build.0 = Release|Win32
		{57DC8CC5-56AB-4EED-9D20-41E1AD5D2E8C}.Debug|x64.ActiveCfg = Debug|x64
		{57DC8CC5-56AB-4EED-9D20-41E1AD5D2E8C}.Debug|x64.Build.0 = Debug|x64
		{57DC8CC5-56AB-4EED-9D20-41E1AD5D2E8C}.Debug|x86.ActiveCfg = Debug|Win32
		{57DC8CC5-56AB-4EED-9D20-41E1AD5D2E8C}.Debug|x86.Build.0 = Debug|Win32
		{57DC8CC5-56AB-4EED-9D20-41E1AD5D2E8C}.Release|x64.ActiveCfg = Release|x64
		{57DC8CC5-56AB-4EED-9D20-41E1AD5D2E8C}.Release|x64.Build.0 = Release|x64
		{57DC8CC5-56AB-4EED-9D20-41E1AD5D2E8C}.Release|x86.ActiveCfg = Release|Win32
		{57DC8CC5-56AB-4EED-9D20-41E1AD5D2E8C}.Release|x86.Build.0 = Release|Win32
		{325C630A-A963-4B2A-A83E-48DB6DCD7071}.Debug|x64.ActiveCfg = Debug|x64
		{325C630A-A963-4B2A-A83E-48DB6DCD7071}.Debug|x64.Build.0 = Debug|x64
		{325C630A-A963-4B2A-A83E-48DB6DCD7071}.Debug|x86.ActiveCfg = Debug|Win32
		{325C630A-A963-4B2A-A83E-48DB6DCD7071}.Debug|x86.Build.0 = Debug|Win32
		{325C630A-A963-4B2A-A83E-48DB6DCD7071}.Release|x64.ActiveCfg = Release|x64
		{325C630A-A963-4B2A-A83E-48DB6DCD7071}.Release|x64.Build.0 = Release|x64
		{325C630A-A963-4B2A-A83E-48DB6DCD7071}.Release|x86.ActiveCfg = Release|Win32
		{325C630A-A963-4B2A-A83E-48DB6DCD7071}.Release|x86.Build.0 = Release|Win32
		{33886C94-1DA9-445E-9A58-5F0E04555F03}.Debug|x64.ActiveCfg = Debug|x64
		{33886C94-1DA9-445E-9A58-5F0E04555F03}.Debug|x64.Build.0 = Debug|x64
		{33886C94-1DA9-445E-9A58-5F0E04555F03}.Debug|x86.ActiveCfg = Debug|Win32
		{33886C94-1DA9-445E-9A58-5F0E04555F03}.Debug|x86.Build.0 = Debug|Win32
		{33886C94-1DA9-445E-9A58-5F0E04555F03}.Release|x64.ActiveCfg = Release|x64
		{33886C94-1DA9-445E-9A58-5F0E04555F03}.Release|x64.Build.0 = Release|x64
		{33886C94-1DA9-445E-9A58-5F0E04555F03}.Release|x86.ActiveCfg = Release|Win32
		{33886C94-1DA9-445E-9A58-5F0E04555F03}.Release|x86.Build.0 = Release|Win32
		{6CC85CF9-9E14-4F1E-89B6-E6F6452D99D8}.Debug|x64.ActiveCfg = Debug|x64
		{6CC85CF9-9E14-4F1E-89B6-E6F6452D99D8}.Debug|x64.Build.0 = Debug|x64
		{6CC85CF9-9E14-4F1E-89B6-E6F6452D99D8}.Debug|x86.ActiveCfg = Debug|Win32
		{6CC85CF9-9E14-4F1E-89B6-E6F6452D99D8}.Debug|x86.Build.0 = Debug|Win32
		{6CC85CF9-9E14-4F1E-89B6-E6F6452D99D8}.Release|x64.ActiveCfg = Release|x64
		{6CC85CF9-9E14-4F1E-89B6-E6F6452D99D8}.Release|x64.Build.0 = Release|x64
		{6CC85CF9-9E14-4F1E-89B6-E6F6452D99D8}.Release|x86.ActiveCfg = Release|Win32
		{6CC85CF9-9E14-4F1E-89B6-E6F6452D99D8}.Release|x86.Build.0 = Release|Win32
		{24EFEF0E-FB8A-4CF0-8A2F-2F4E53FB3206}.Debug|x64.ActiveCfg = Debug|x64
		{24EFEF0E-FB8A-4CF0-8A2F-2F4E53FB3206}.Debug|x64.Build.0 = Debug|x64
		{24EFEF0E-FB8A-4CF0-8A2F-2F4E53FB3206}.Debug|x86.ActiveCfg = Debug|Win32
		{24EFEF0E-FB8A-4CF0-8A2F-2F4E53FB3206}.Debug|x86.Build.0 = Debug|Win32
		{24EFEF0E-FB8A-4CF0-8A2F-2F4E53FB3206}.Release|x64.ActiveCfg = Release|x64
		{24EFEF0E-FB8A-4CF0-8A2F-2F4E53FB3206}.Release|x64.Build.0 = Release|x64
		{24EFEF0E-FB8A-4CF0-8A2F-2F4E53FB3206}.Release|x86.ActiveCfg = Release|Win32
		{24EFEF0E-FB8A-4CF0-8A2F-2F4E53FB3206}.Release|x86.Build.0 = Release|Win32
		{3E3F5C3D-FC44-4E90-825D-A9CC0D33FF47}.Debug|x64.ActiveCfg = Debug|x64
		{3E3F5C3D-FC44-4E90-825D-A9CC0D33FF47}.Debug|x64.Build.0 = Debug|x64
		{3E3F5C3D-FC44-4E90-825D-A9CC0D33FF47}.Debug|x86.ActiveCfg = Debug|Win32
		{3E3F5C3D-FC44-4E90-825D-A9CC0D33FF47}.Debug|x86.Build.0 = Debug|Win32
		{3E3F5C3D-FC44-4E90-825D-A9CC0D33FF47}.Release|x64.ActiveCfg = Release|x64
		{3E3F5C3D-FC44-4E90-825D-A9CC0D33FF47}.Release|x64.Build.0 = Release|x64
		{3E3F5C3D-FC44-4E90-825D-A9CC0D33FF47}.Release|x86.ActiveCfg = Release|Win32
		{3E3F5C3D-FC44-4E90-825D-A9CC0D33FF47}.Release|x86.Build.0 = Release|Win32
		{77398C02-C8D6-415F-AECF-32F34C5EFDDD}.Debug|x64.ActiveCfg = Debug|x64
		{77398C02-C8D6-415F-AECF-32F34C5EFDDD}.Debug|x64.Build.0 = Debug|x64
		{77398C02-C8D6-415F-AECF-32F34C5EFDDD}.Debug|x86.ActiveCfg = Debug|Win32
		{77398C02-C8D6-415F-AECF-32F34C5EFDDD}.Debug|x86.Build.0 = Debug|Win32
		{77398C02-C8D6-415F-AECF-32F34C5EFDDD}.Release|x64.ActiveCfg = Release|x64
		{77398C02-C8D6-415F-AECF-32F34C5EFDDD}.Release|x64.Build.0 = Release|x64
		{77398C02-C8D6-415F-AECF-32F34C5EFDDD}.Release|x86.ActiveCfg = Release|Win32
		{77398C02-C8D6-415F-AECF-32F34C5EFDDD}.Release|x86.Build.0 = Release|Win32
		{71749B18-E634-4EC9-9012-9F0A5C0AC9B3}.Debug|x64.ActiveCfg = Debug|x64
		{71749B18-E634-4EC9-9012-9F0A5C0AC9B3}.Debug|x64.Build.0 = Debug|x64
		{71749B18-E634-4EC9-9012-9F0A5C0AC9B3}.Debug|x86.ActiveCfg = Debug|Win32
		{71749B18-E634-4EC9-9012-9F0A5C0AC9B3}.Debug|x86.Build.0 = Debug|Win32
		{71749B18-E634-4EC9-9012-9F0A5C0AC9B3}.Release|x64.ActiveCfg = Release|x64
		{71749B18-E634-4EC9-9012-9F0A5C0AC9B3}.Release|x64.Build.0 = Release|x64
		{71749B18-E634-4EC9-9012-9F0A5C0AC9B3}.Release|x86.ActiveCfg = Release|Win32
		{71749B18-E634-4EC9-9012-9F0A5C0AC9B3}.Release|x86.Build.0 = Release|Win32
		{C9E9D692-32BC-4879-8F13-95DA0C151835}.Debug|x64.ActiveCfg = Debug|x64
		{C9E9D692-32BC-4879-8F13-95DA0C151835}.Debug|x64.Build.0 = Debug|x64
		{C9E9D692-32BC-4879-8F13-95DA0C151835}.Debug|x86.ActiveCfg = Debug|Win32
		{C9E9D692-32BC-4879-8F13-95DA0C151835}.Debug|x86.Build.0 = Debug|Win32
		{C9E9D692-32BC-4879-8F13-95DA0C151835}.Release|x64.ActiveCfg = Release|x64
		{C9E9D692-32BC-4879-8F13-95DA0C151835}.Release|x64.Build.0 = Release|x64
		{C9E9D692-32BC-4879-8F13-95DA0C151835}.Release|x86.ActiveCfg = Release|Win32
		{C9E9D692-32BC-4879-8F13-95DA0C151835}.Release|x86.Build.0 = Release|Win32
		{95FBB5B3-8509-426A-B13E-FB457CE1A22F}.Debug|x64.ActiveCfg = Debug|x64
		{95FBB5B3-8509-426A-B13E-FB457CE1A22F}.Debug|x64.Build.0 = Debug|x64
		{95FBB5B3-8509-426A-B13E-FB457CE1A22F}.Debug|x86.ActiveCfg = Debug|Win32
		{95FBB5B3-8509-426A-B13E-FB457CE1A22F}.Debug|x86.Build.0 = Debug|Win32
		{95FBB5B3-8509-426A-B13E-FB457CE1A22F}.Release|x64.ActiveCfg = Release|x64
		{95FBB5B3-8509-426A-B13E-FB457CE1A22F}.Release|x64.Build.0 = Release|x64
		{95FBB5B3-8509-426A-B13E-FB457CE1A22F}.Release|x86.ActiveCfg = Release|Win32
		{95FBB5B3-8509-426A-B13E-FB457CE1A22F}.Release|x86.Build.0 = Release|Win32
		{DFC98925-D266-4F72-9B80-4B783D11BA7C}.Debug|x64.ActiveCfg = Debug|x64
		{DFC98925-D266-4F72-9B80-4B783D11BA7C}.Debug|x64.Build.0 = Debug|x64
		{DFC98925-D266-4F72-9B80-4B783D11BA7C}.Debug|x86.ActiveCfg = Debug|Win32
		{DFC98925-D266-4F72-9B80-4B783D11BA7C}.Debug|x86.Build.0 = Debug|Win32
		{DFC98925-D266-4F72-9B80-4B783D11BA7C}.Release|x64.ActiveCfg = Release|x64
		{DFC98925-D266-4F72-9B80-4B783D11BA7C}.Release|x64.Build.0 = Release|x64
		{DFC98925-D266-4F72-9B80-4B783D11BA7C}.Release|x86.ActiveCfg = Release|Win32
		{DFC98925-D266-4F72-9B80-4B783D11BA7C}.Release|x86.Build.0 = Release|Win32
		{7A2A5E51-570B-42F2-B82A-95EC83E322B4}.Debug|x64.ActiveCfg = Debug|x64
		{7A2A5E51-570B-42F2-B82A-95EC83E322B4}.Debug|x64.Build.0 = Debug|x64
		{7A2A5E51-570B-42F2-B82A-95EC83E322B4}.Debug|x86.ActiveCfg = Debug|Win32
		{7A2A5E51-570B-42F2-B82A-95EC83E322B4}.Debug|x86.Build.0 = Debug|Win32
		{7A2A5E51-570B-42F2-B82A-95EC83E322B4}.Release|x64.ActiveCfg = Release|x64
		{7A2A5E51-570B-42F2-B82A-95EC83E322B4}.Release|x64.Build.0 = Release|x64
		{7A2A5E51-570B-42F2-B82A-95EC83E322B4}.Release|x86.ActiveCfg = Release|Win32
		{7A2A5E51-570B-42F2-B82A-95EC83E322B4}.Release|x86.Build.0 = Release|Win32
		{868BDC05-C152-4227-997E-03B1162B4CE0}.Debug|x64.ActiveCfg = Debug|x64
		{868BDC05-C152-4227-997E-03B1162B4CE0}.Debug|x64.Build.0 = Debug|x64
		{868BDC05-C152-4227-997E-03B1162B4CE0}.Debug|x86.ActiveCfg = Debug|Win32
		{868BDC05-C152-4227-997E-03B1162B4CE0}.Debug|x86.Build.0 = Debug|Win32
		{868BDC05-C152-4227-997E-03B1162B4CE0}.Release|x64.ActiveCfg = Release|x64
		{868BDC05-C152-4227-997E-03B1162B4CE0}.Release|x64.Build.0 = Release|x64
		{868BDC05-C152-4227-997E-03B1162B4CE0}.Release|x86.ActiveCfg = Release|Win32
		{868BDC05-C152-4227-997E-03B1162B4CE0}.Release|x86.Build.0 = Release|Win32
		{3A20B17B-5218-40E4-A497-02BE391B7D81}.Debug|x64.ActiveCfg = Debug|x64
		{3A20B17B-5218-40E4-A497-02BE391B7D81}.Debug|x64.Build.0 = Debug|x64
		{3A20B17B-5218-40E4-A497-02BE391B7D81}.Debug|x86.ActiveCfg = Debug|Win32
		{3A20B17B-5218-40E4-A497-02BE391B7D81}.Debug|x86.Build.0 = Debug|Win32
		{3A20B17B-5218-40E4-A497-02BE391B7D81}.Release|x64.ActiveCfg = Release|x64
		{3A20B17B-5218-40E4-A497-02BE391B7D81}.Release|x64.Build.0 = Release|x64
		{3A20B17B-5218-40E4-A497-02BE391B7D81}.Release|x86.ActiveCfg = Release|Win32
		{3A20B17B-5218-40E4-A497-02BE391B7D81}.Release|x86.Build.0 = Release|Win32
		{596B94C8-3EB6-417F-9CCB-B11AED73CED8}.Debug|x64.ActiveCfg = Debug|x64
		{596B94C8-3EB6-417F-9CCB-B11AED73CED8}.Debug|x64.Build.0 = Debug|x64
		{596B94C8-3EB6-417F-9CCB-B11AED73CED8}.Debug|x86.ActiveCfg = Debug|Win32
		{596B94C8-3EB6-417F-9CCB-B11AED73CED8}.Debug|x86.Build.0 = Debug|Win32
		{596B94C8-3EB6-417F-9CCB-B11AED73CED8}.Release|x64.ActiveCfg = Release|x64
		{596B94C8-3EB6-417F-9CCB-B11AED73CED8}.Release|x64.Build.0 = Release|x64
		{596B94C8-3EB6-417F-9CCB-B11AED73CED8}.Release|x86.ActiveCfg = Release|Win32
		{596B94C8-3EB6-417F-9CCB-B11AED73CED8}.Release|x86.Build.0 = Release|Win32
		{ADF5BAAD-BACE-4683-97B2-2C77B693DB96}.Debug|x64.ActiveCfg = Debug|x64
		{ADF5BAAD-BACE-4683-97B2-2C77B693DB96}.Debug|x64.Build.0 = Debug|x64
		{ADF5BAAD-BACE-4683-97B2-2C77B693DB96}.Debug|x86.ActiveCfg = Debug|Win32
		{ADF5BAAD-BACE-4683-97B2-2C77B693DB96}.Debug|x86.Build.0 = Debug|Win32
		{ADF5BAAD-BACE-4683-97B2-2C77B693DB96}.Release|x64.ActiveCfg = Release|x64
		{ADF5BAAD-BACE-4683-97B2-2C77B693DB96}.Release|x64.Build.0 = Release|x64
		{ADF5BAAD-BACE-4683-97B2-2C77B693DB96}.Release|x86.ActiveCfg = Release|Win32
		{ADF5BAAD-BACE-4683-97B2-2C77B693DB96}.Release|x86.Build.0 = Release|Win32
		{A03C7689-D397-40A8-8369-96257BAB846F}.Debug|x64.ActiveCfg = Debug|x64
		{A03C7689-D397-40A8-8369-96257BAB846F}.Debug|x64.Build.0 = Debug|x64
		{A03C7689-D397-40A8-8369-96257BAB846F}.Debug|x86.ActiveCfg = Debug|Win32
		{A03C7689-D397-40A8-8369-96257BAB846F}.Debug|x86.Build.0 = Debug|Win32
		{A03C7689-D397-40A8-8369-96257BAB846F}.Release|x64.ActiveCfg = Release|x64
		{A03C7689-D397-40A8-8369-96257BAB846F}.Release|x64.Build.0 = Release|x64
		{A03C7689-D397-40A8-8369-96257BAB846F}.Release|x86.ActiveCfg = Release|Win32
		{A03C7689-D397-40A8-8369-96257BAB846F}.Release|x86.Build.0 = Release|Win32
		{274688C2-9EB2-47D2-9553-7F27B20F8842}.Debug|x64.ActiveCfg = Debug|x64
		{274688C2-9EB2-47D2-9553-7F27B20F8842}.Debug|x64.Build.0 = Debug|x64
		{274688C2-9EB2-47D2-9553-7F27B20F8842}.Debug|x86.ActiveCfg = Debug|Win32
		{274688C2-9EB2-47D2-9553-7F27B20F8842}.Debug|x86.Build.0 = Debug|Win32
		{274688C2-9EB2-47D2-9553-7F27B20F8842}.Release|x64.ActiveCfg = Release|x64
		{274688C2-9EB2-47D2-9553-7F27B20F8842}.Release|x64.Build.0 = Release|x64
		{274688C2-9EB2-47D2-9553-7F27B20F8842}.Release|x86.ActiveCfg = Release|Win32
		{274688C2-9EB2-47D2-9553-7F27B20F8842}.Release|x86.Build.0 = Release|Win32
		{8F8536D8-FD61-449D-B8B8-BF223E3B38A2}.Debug|x64.ActiveCfg = Debug|x64
		{8F8536D8-FD61-449D-B8B8-BF223E3B38A2}.Debug|x64.Build.0 = Debug|x64
		{8F8536D8-FD61-449D-B8B8-BF223E3B38A2}.Debug|x86.ActiveCfg = Debug|Win32
		{8F8536D8-FD61-449D-B8B8-BF223E3B38A2}.Debug|x86.Build.0 = Debug|Win32
		{8F8536D8-FD61-449D-B8B8-BF223E3B38A2}.Release|x64.ActiveCfg = Release|x64
		{8F8536D8-FD61-449D-B8B8-BF223E3B38A2}.Release|x64.Build.0 = Release|x64
		{8F8536D8-FD61-449D-B8B8-BF223E3B38A2}.Release|x86.ActiveCfg = Release|Win32
		{8F8536D8-FD61-449D-B8B8-BF223E3B38A2}.Release|x86.Build.0 = Release|Win32
		{CC675FF6-324A-4065-AD81-A68923A2083C}.Debug|x64.ActiveCfg = Debug|x64
		{CC675FF6-324A-4065-AD81-A68923A2083C}.Debug|x64.Build.0 = Debug|x64
		{CC675FF6-324A-4065-AD81-A68923A2083C}.Debug|x86.ActiveCfg = Debug|Win32
		{CC675FF6-324A-4065-AD81-A68923A2083C}.Debug|x86.Build.0 = Debug|Win32
		{CC675FF6-324A-4065-AD81-A68923A2083C}.Release|x64.ActiveCfg = Release|x64
		{CC675FF6-324A-4065-AD81-A68923A2083C}.Release|x64.Build.0 = Release|x64
		{CC675FF6-324A-4065-AD81-A68923A2083C}.Release|x86.ActiveCfg = Release|Win32
		{CC675FF6-324A-4065-AD81-A68923A2083C}.Release|x86.Build.0 = Release|Win32
		{7ACBC3FE-E680-40B6-91CC-29C7950BEAB0}.Debug|x64.ActiveCfg = Debug|x64
		{7ACBC3FE-E680-40B6-91CC-29C7950BEAB0}.Debug|x64.Build.0 = Debug|x64
		{7ACBC3FE-E680-40B6-91CC-29C7950BEAB0}.Debug|x86.ActiveCfg = Debug|Win32
		{7ACBC3FE-E680-40B6-91CC-29C7950BEAB0}.Debug|x86.Build.0 = Debug|Win32
		{7ACBC3FE-E680-40B6-91CC-29C7950BEAB0}.Release|x64.ActiveCfg = Release|x64
		{7ACBC3FE-E680-40B6-91CC-29C7950BEAB0}.Release|x64.Build.0 = Release|x64
		{7ACBC3FE-E680-40B6-91CC-29C7950BEAB0}.Release|x86.ActiveCfg = Release|Win32
		{7ACBC3FE-E680-40B6-91CC-29C7950BEAB0}.Release|x86.Build.0 = Release|Win32
		{0372C0B3-E73B-4F6E-BFE7-6C1486CE7583}.Debug|x64.ActiveCfg = Debug|x64
		{0372C0B3-E73B-4F6E-BFE7-6C1486CE7583}.Debug|x64.Build.0 = Debug|x64
		{0372C0B3-E73B-4F6E-BFE7-6C1486CE7583}.Debug|x86.ActiveCfg = Debug|Win32
		{0372C0B3-E73B-4F6E-BFE7-6C1486CE7583}.Debug|x86.Build.0 = Debug|Win32
		{0372C0B3-E73B-4F6E-BFE7-6C1486CE7583}.Release|x64.ActiveCfg = Release|x64
		{0372C0B3-E73B-4F6E-BFE7-6C1486CE7583}.Release|x64.Build.0 = Release|x64
		{0372C0B3-E73B-4F6E-BFE7-6C1486CE7583}.Release|x86.ActiveCfg = Release|Win32
		{0372C0B3-E73B-4F6E-BFE7-6C1486CE7583}.Release|x86.Build.0 = Release|Win32
		{2F6D0A41-3FAE-41C7-BE89-58122AA0C0BE}.Debug|x64.ActiveCfg = Debug|x64
		{2F6D0A41-3FAE-41C7-BE89-58122AA0C0BE}.Debug|x64.Build.0 = Debug|x64
		{2F6D0A41-3FAE-41C7-BE89-58122AA0C0BE}.Debug|x86.ActiveCfg = Debug|Win32
		{2F6D0A41-3FAE-41C7-BE89-58122AA0C0BE}.Debug|x86.Build.0 = Debug|Win32
		{2F6D0A41-3FAE-41C7-BE89-58122AA0C0BE}.Release|x64.ActiveCfg = Release|x64
		{2F6D0A41-3FAE-41C7-BE89-58122AA0C0BE}.Release|x64.Build.0 = Release|x64
		{2F6D0A41-3FAE-41C7-BE89-58122AA0C0BE}.Release|x86.ActiveCfg = Release|Win32
		{2F6D0A41-3FAE-41C7-BE89-58122AA0C0BE}.Release|x86.Build.0 = Release|Win32
		{28A0B079-3827-4F2A-B3D1-F5859AEF5BC0}.Debug|x64.ActiveCfg = Debug|x64
		{28A0B079-3827-4F2A-B3D1-F5859AEF5BC0}.Debug|x64.Build.0 = Debug|x64
		{28A0B079-3827-4F2A-B3D1-F5859AEF5BC0}.Debug|x86.ActiveCfg = Debug|Win32
		{28A0B079-3827-4F2A-B3D1-F5859AEF5BC0}.Debug|x86.Build.0 = Debug|Win32
		{28A0B079-3827-4F2A-B3D1-F5859AEF5BC0}.Release|x64.ActiveCfg = Release|x64
		{28A0B079-3827-4F2A-B3D1-F5859AEF5BC0}.Release|x64.Build.0 = Release|x64
		{28A0B079-3827-4F2A-B3D1-F5859AEF5BC0}.Release|x86.ActiveCfg = Release|Win32
		{28A0B079-3827-4F2A-B3D1-F5859AEF5BC0}.Release|x86.Build.0 = Release|Win32
	EndGlobalSection
	GlobalSection(SolutionProperties) = preSolution
		HideSolutionNode = FALSE
	EndGlobalSection
EndGlobal
